// !$*UTF8*$!
{
	archiveVersion = 1;
	classes = {
	};
	objectVersion = 52;
	objects = {

/* Begin PBXBuildFile section */
		3F0E64C22695B6E6001DF87B /* ReservationView.swift in Sources */ = {isa = PBXBuildFile; fileRef = 3F0E64C12695B6E6001DF87B /* ReservationView.swift */; };
		3F0E64C42695BCA7001DF87B /* ReservationViewModel.swift in Sources */ = {isa = PBXBuildFile; fileRef = 3F0E64C32695BCA7001DF87B /* ReservationViewModel.swift */; };
		3F35740B2694845C00ED06F0 /* Exceptions.swift in Sources */ = {isa = PBXBuildFile; fileRef = 3F35740A2694845C00ED06F0 /* Exceptions.swift */; };
		3F35740E26948A0800ED06F0 /* PartnerModel.swift in Sources */ = {isa = PBXBuildFile; fileRef = 3F35740D26948A0800ED06F0 /* PartnerModel.swift */; };
		3F35741026948BB700ED06F0 /* PartnerResource.swift in Sources */ = {isa = PBXBuildFile; fileRef = 3F35740F26948BB700ED06F0 /* PartnerResource.swift */; };
		3F35741226948BEC00ED06F0 /* PartnerRequest.swift in Sources */ = {isa = PBXBuildFile; fileRef = 3F35741126948BEC00ED06F0 /* PartnerRequest.swift */; };
		3F35741626948CC000ED06F0 /* PartnerRowView.swift in Sources */ = {isa = PBXBuildFile; fileRef = 3F35741526948CC000ED06F0 /* PartnerRowView.swift */; };
		3F35741826948D3000ED06F0 /* PartnersViewModel.swift in Sources */ = {isa = PBXBuildFile; fileRef = 3F35741726948D3000ED06F0 /* PartnersViewModel.swift */; };
		3F35741A26949C2800ED06F0 /* PartnerDetail.swift in Sources */ = {isa = PBXBuildFile; fileRef = 3F35741926949C2800ED06F0 /* PartnerDetail.swift */; };
		3F47B9C226A7063C00992CB1 /* ViewUtils.swift in Sources */ = {isa = PBXBuildFile; fileRef = 3F47B9C126A7063C00992CB1 /* ViewUtils.swift */; };
		3F47B9C426A7150000992CB1 /* SchedulingProvider.swift in Sources */ = {isa = PBXBuildFile; fileRef = 3F47B9C326A7150000992CB1 /* SchedulingProvider.swift */; };
		3F6B27C22696CE4C00DE0627 /* ReservationModel.swift in Sources */ = {isa = PBXBuildFile; fileRef = 3F6B27C12696CE4C00DE0627 /* ReservationModel.swift */; };
		3F6B27C42696CEAE00DE0627 /* ReservationResource.swift in Sources */ = {isa = PBXBuildFile; fileRef = 3F6B27C32696CEAE00DE0627 /* ReservationResource.swift */; };
		3F6B27C62696D04700DE0627 /* ReservationRequest.swift in Sources */ = {isa = PBXBuildFile; fileRef = 3F6B27C52696D04700DE0627 /* ReservationRequest.swift */; };
		3F6BB112264FDF070098825B /* LoginView.swift in Sources */ = {isa = PBXBuildFile; fileRef = 3F6BB111264FDF070098825B /* LoginView.swift */; };
		3F795C6B2698BACF0087FA0C /* TimeslotView.swift in Sources */ = {isa = PBXBuildFile; fileRef = 3F795C6A2698BACF0087FA0C /* TimeslotView.swift */; };
		3F80E0FA26A863080077AD3A /* ProfileView.swift in Sources */ = {isa = PBXBuildFile; fileRef = 3F80E0F926A863080077AD3A /* ProfileView.swift */; };
		3F80E0FE26A863D30077AD3A /* UserReservationView.swift in Sources */ = {isa = PBXBuildFile; fileRef = 3F80E0FD26A863D30077AD3A /* UserReservationView.swift */; };
		3F80E10026A865D70077AD3A /* UserReservationRequest.swift in Sources */ = {isa = PBXBuildFile; fileRef = 3F80E0FF26A865D70077AD3A /* UserReservationRequest.swift */; };
		3F80E10226A865E30077AD3A /* UserReservationResource.swift in Sources */ = {isa = PBXBuildFile; fileRef = 3F80E10126A865E30077AD3A /* UserReservationResource.swift */; };
		3FA4A423266E802A00E8A75E /* UserLoginModel.swift in Sources */ = {isa = PBXBuildFile; fileRef = 3FA4A422266E802A00E8A75E /* UserLoginModel.swift */; };
		3FA4A425266E824200E8A75E /* RegisterViewModel.swift in Sources */ = {isa = PBXBuildFile; fileRef = 3FA4A424266E824200E8A75E /* RegisterViewModel.swift */; };
		3FA4A427266E826300E8A75E /* UserRegisterModel.swift in Sources */ = {isa = PBXBuildFile; fileRef = 3FA4A426266E826300E8A75E /* UserRegisterModel.swift */; };
		3FC7336B2673778600C8643A /* UserRegisteredModel.swift in Sources */ = {isa = PBXBuildFile; fileRef = 3FC7336A2673778600C8643A /* UserRegisteredModel.swift */; };
		3FC7336F2673786100C8643A /* ApiResource.swift in Sources */ = {isa = PBXBuildFile; fileRef = 3FC7336E2673786100C8643A /* ApiResource.swift */; };
		3FC73371267378F600C8643A /* NetworkRequest.swift in Sources */ = {isa = PBXBuildFile; fileRef = 3FC73370267378F600C8643A /* NetworkRequest.swift */; };
		3FC733732673792100C8643A /* ApiRequest.swift in Sources */ = {isa = PBXBuildFile; fileRef = 3FC733722673792100C8643A /* ApiRequest.swift */; };
		3FD37026266E490800B60B10 /* RegisterView.swift in Sources */ = {isa = PBXBuildFile; fileRef = 3FD37025266E490800B60B10 /* RegisterView.swift */; };
		3FD3702A266E4E5F00B60B10 /* LoginViewModel.swift in Sources */ = {isa = PBXBuildFile; fileRef = 3FD37029266E4E5F00B60B10 /* LoginViewModel.swift */; };
		3FD5B424264E6A15008A560E /* MeetInnApp.swift in Sources */ = {isa = PBXBuildFile; fileRef = 3FD5B423264E6A15008A560E /* MeetInnApp.swift */; };
		3FD5B426264E6A15008A560E /* ContentView.swift in Sources */ = {isa = PBXBuildFile; fileRef = 3FD5B425264E6A15008A560E /* ContentView.swift */; };
		3FD5B428264E6A16008A560E /* Assets.xcassets in Resources */ = {isa = PBXBuildFile; fileRef = 3FD5B427264E6A16008A560E /* Assets.xcassets */; };
		3FD5B42B264E6A16008A560E /* Preview Assets.xcassets in Resources */ = {isa = PBXBuildFile; fileRef = 3FD5B42A264E6A16008A560E /* Preview Assets.xcassets */; };
		3FE4404E26985EED002C32D7 /* TimeslotResource.swift in Sources */ = {isa = PBXBuildFile; fileRef = 3FE4404D26985EED002C32D7 /* TimeslotResource.swift */; };
		3FE4405026985F37002C32D7 /* TimeslotRequest.swift in Sources */ = {isa = PBXBuildFile; fileRef = 3FE4404F26985F37002C32D7 /* TimeslotRequest.swift */; };
		3FFAEC5326738EDE0020DF0A /* UserRegistrationResource.swift in Sources */ = {isa = PBXBuildFile; fileRef = 3FFAEC5226738EDE0020DF0A /* UserRegistrationResource.swift */; };
		3FFAEC592673B3DA0020DF0A /* UserRegistrationRequest.swift in Sources */ = {isa = PBXBuildFile; fileRef = 3FFAEC582673B3DA0020DF0A /* UserRegistrationRequest.swift */; };
		3FFAEC5D2673BC7C0020DF0A /* JWTDecode in Frameworks */ = {isa = PBXBuildFile; productRef = 3FFAEC5C2673BC7C0020DF0A /* JWTDecode */; };
		3FFAEC5F2673BC8A0020DF0A /* UserLoginResource.swift in Sources */ = {isa = PBXBuildFile; fileRef = 3FFAEC5E2673BC8A0020DF0A /* UserLoginResource.swift */; };
		3FFAEC612673BCCB0020DF0A /* UserLoginRequest.swift in Sources */ = {isa = PBXBuildFile; fileRef = 3FFAEC602673BCCB0020DF0A /* UserLoginRequest.swift */; };
		3FFAEC632673BE1D0020DF0A /* JWTTokenModel.swift in Sources */ = {isa = PBXBuildFile; fileRef = 3FFAEC622673BE1D0020DF0A /* JWTTokenModel.swift */; };
		3FFAEC652673C0710020DF0A /* UserModel.swift in Sources */ = {isa = PBXBuildFile; fileRef = 3FFAEC642673C0710020DF0A /* UserModel.swift */; };
		3FFAEC692673C9F40020DF0A /* HomeView.swift in Sources */ = {isa = PBXBuildFile; fileRef = 3FFAEC682673C9F40020DF0A /* HomeView.swift */; };
/* End PBXBuildFile section */

/* Begin PBXFileReference section */
		3F0E64C12695B6E6001DF87B /* ReservationView.swift */ = {isa = PBXFileReference; lastKnownFileType = sourcecode.swift; path = ReservationView.swift; sourceTree = "<group>"; };
		3F0E64C32695BCA7001DF87B /* ReservationViewModel.swift */ = {isa = PBXFileReference; lastKnownFileType = sourcecode.swift; path = ReservationViewModel.swift; sourceTree = "<group>"; };
		3F35740A2694845C00ED06F0 /* Exceptions.swift */ = {isa = PBXFileReference; lastKnownFileType = sourcecode.swift; path = Exceptions.swift; sourceTree = "<group>"; };
		3F35740D26948A0800ED06F0 /* PartnerModel.swift */ = {isa = PBXFileReference; lastKnownFileType = sourcecode.swift; path = PartnerModel.swift; sourceTree = "<group>"; };
		3F35740F26948BB700ED06F0 /* PartnerResource.swift */ = {isa = PBXFileReference; lastKnownFileType = sourcecode.swift; path = PartnerResource.swift; sourceTree = "<group>"; };
		3F35741126948BEC00ED06F0 /* PartnerRequest.swift */ = {isa = PBXFileReference; lastKnownFileType = sourcecode.swift; path = PartnerRequest.swift; sourceTree = "<group>"; };
		3F35741526948CC000ED06F0 /* PartnerRowView.swift */ = {isa = PBXFileReference; lastKnownFileType = sourcecode.swift; path = PartnerRowView.swift; sourceTree = "<group>"; };
		3F35741726948D3000ED06F0 /* PartnersViewModel.swift */ = {isa = PBXFileReference; lastKnownFileType = sourcecode.swift; path = PartnersViewModel.swift; sourceTree = "<group>"; };
		3F35741926949C2800ED06F0 /* PartnerDetail.swift */ = {isa = PBXFileReference; lastKnownFileType = sourcecode.swift; path = PartnerDetail.swift; sourceTree = "<group>"; };
		3F47B9C126A7063C00992CB1 /* ViewUtils.swift */ = {isa = PBXFileReference; lastKnownFileType = sourcecode.swift; path = ViewUtils.swift; sourceTree = "<group>"; };
		3F47B9C326A7150000992CB1 /* SchedulingProvider.swift */ = {isa = PBXFileReference; lastKnownFileType = sourcecode.swift; path = SchedulingProvider.swift; sourceTree = "<group>"; };
		3F6B27C12696CE4C00DE0627 /* ReservationModel.swift */ = {isa = PBXFileReference; lastKnownFileType = sourcecode.swift; path = ReservationModel.swift; sourceTree = "<group>"; };
		3F6B27C32696CEAE00DE0627 /* ReservationResource.swift */ = {isa = PBXFileReference; lastKnownFileType = sourcecode.swift; path = ReservationResource.swift; sourceTree = "<group>"; };
		3F6B27C52696D04700DE0627 /* ReservationRequest.swift */ = {isa = PBXFileReference; lastKnownFileType = sourcecode.swift; path = ReservationRequest.swift; sourceTree = "<group>"; };
		3F6BB111264FDF070098825B /* LoginView.swift */ = {isa = PBXFileReference; lastKnownFileType = sourcecode.swift; path = LoginView.swift; sourceTree = "<group>"; };
		3F795C6A2698BACF0087FA0C /* TimeslotView.swift */ = {isa = PBXFileReference; lastKnownFileType = sourcecode.swift; path = TimeslotView.swift; sourceTree = "<group>"; };
		3F80E0F926A863080077AD3A /* ProfileView.swift */ = {isa = PBXFileReference; lastKnownFileType = sourcecode.swift; path = ProfileView.swift; sourceTree = "<group>"; };
		3F80E0FD26A863D30077AD3A /* UserReservationView.swift */ = {isa = PBXFileReference; lastKnownFileType = sourcecode.swift; path = UserReservationView.swift; sourceTree = "<group>"; };
		3F80E0FF26A865D70077AD3A /* UserReservationRequest.swift */ = {isa = PBXFileReference; lastKnownFileType = sourcecode.swift; path = UserReservationRequest.swift; sourceTree = "<group>"; };
		3F80E10126A865E30077AD3A /* UserReservationResource.swift */ = {isa = PBXFileReference; lastKnownFileType = sourcecode.swift; path = UserReservationResource.swift; sourceTree = "<group>"; };
		3FA4A422266E802A00E8A75E /* UserLoginModel.swift */ = {isa = PBXFileReference; lastKnownFileType = sourcecode.swift; path = UserLoginModel.swift; sourceTree = "<group>"; };
		3FA4A424266E824200E8A75E /* RegisterViewModel.swift */ = {isa = PBXFileReference; lastKnownFileType = sourcecode.swift; path = RegisterViewModel.swift; sourceTree = "<group>"; };
		3FA4A426266E826300E8A75E /* UserRegisterModel.swift */ = {isa = PBXFileReference; lastKnownFileType = sourcecode.swift; path = UserRegisterModel.swift; sourceTree = "<group>"; };
		3FC7336A2673778600C8643A /* UserRegisteredModel.swift */ = {isa = PBXFileReference; lastKnownFileType = sourcecode.swift; path = UserRegisteredModel.swift; sourceTree = "<group>"; };
		3FC7336E2673786100C8643A /* ApiResource.swift */ = {isa = PBXFileReference; lastKnownFileType = sourcecode.swift; path = ApiResource.swift; sourceTree = "<group>"; };
		3FC73370267378F600C8643A /* NetworkRequest.swift */ = {isa = PBXFileReference; lastKnownFileType = sourcecode.swift; path = NetworkRequest.swift; sourceTree = "<group>"; };
		3FC733722673792100C8643A /* ApiRequest.swift */ = {isa = PBXFileReference; lastKnownFileType = sourcecode.swift; path = ApiRequest.swift; sourceTree = "<group>"; };
		3FD37025266E490800B60B10 /* RegisterView.swift */ = {isa = PBXFileReference; lastKnownFileType = sourcecode.swift; path = RegisterView.swift; sourceTree = "<group>"; };
		3FD37029266E4E5F00B60B10 /* LoginViewModel.swift */ = {isa = PBXFileReference; lastKnownFileType = sourcecode.swift; path = LoginViewModel.swift; sourceTree = "<group>"; };
		3FD5B420264E6A15008A560E /* MeetInn.app */ = {isa = PBXFileReference; explicitFileType = wrapper.application; includeInIndex = 0; path = MeetInn.app; sourceTree = BUILT_PRODUCTS_DIR; };
		3FD5B423264E6A15008A560E /* MeetInnApp.swift */ = {isa = PBXFileReference; lastKnownFileType = sourcecode.swift; path = MeetInnApp.swift; sourceTree = "<group>"; };
		3FD5B425264E6A15008A560E /* ContentView.swift */ = {isa = PBXFileReference; lastKnownFileType = sourcecode.swift; path = ContentView.swift; sourceTree = "<group>"; };
		3FD5B427264E6A16008A560E /* Assets.xcassets */ = {isa = PBXFileReference; lastKnownFileType = folder.assetcatalog; path = Assets.xcassets; sourceTree = "<group>"; };
		3FD5B42A264E6A16008A560E /* Preview Assets.xcassets */ = {isa = PBXFileReference; lastKnownFileType = folder.assetcatalog; path = "Preview Assets.xcassets"; sourceTree = "<group>"; };
		3FD5B42C264E6A16008A560E /* Info.plist */ = {isa = PBXFileReference; lastKnownFileType = text.plist.xml; path = Info.plist; sourceTree = "<group>"; };
		3FE4404D26985EED002C32D7 /* TimeslotResource.swift */ = {isa = PBXFileReference; lastKnownFileType = sourcecode.swift; path = TimeslotResource.swift; sourceTree = "<group>"; };
		3FE4404F26985F37002C32D7 /* TimeslotRequest.swift */ = {isa = PBXFileReference; lastKnownFileType = sourcecode.swift; path = TimeslotRequest.swift; sourceTree = "<group>"; };
		3FFAEC5226738EDE0020DF0A /* UserRegistrationResource.swift */ = {isa = PBXFileReference; lastKnownFileType = sourcecode.swift; path = UserRegistrationResource.swift; sourceTree = "<group>"; };
		3FFAEC582673B3DA0020DF0A /* UserRegistrationRequest.swift */ = {isa = PBXFileReference; lastKnownFileType = sourcecode.swift; path = UserRegistrationRequest.swift; sourceTree = "<group>"; };
		3FFAEC5E2673BC8A0020DF0A /* UserLoginResource.swift */ = {isa = PBXFileReference; lastKnownFileType = sourcecode.swift; path = UserLoginResource.swift; sourceTree = "<group>"; };
		3FFAEC602673BCCB0020DF0A /* UserLoginRequest.swift */ = {isa = PBXFileReference; lastKnownFileType = sourcecode.swift; path = UserLoginRequest.swift; sourceTree = "<group>"; };
		3FFAEC622673BE1D0020DF0A /* JWTTokenModel.swift */ = {isa = PBXFileReference; lastKnownFileType = sourcecode.swift; path = JWTTokenModel.swift; sourceTree = "<group>"; };
		3FFAEC642673C0710020DF0A /* UserModel.swift */ = {isa = PBXFileReference; lastKnownFileType = sourcecode.swift; path = UserModel.swift; sourceTree = "<group>"; };
		3FFAEC682673C9F40020DF0A /* HomeView.swift */ = {isa = PBXFileReference; lastKnownFileType = sourcecode.swift; path = HomeView.swift; sourceTree = "<group>"; };
/* End PBXFileReference section */

/* Begin PBXFrameworksBuildPhase section */
		3FD5B41D264E6A15008A560E /* Frameworks */ = {
			isa = PBXFrameworksBuildPhase;
			buildActionMask = 2147483647;
			files = (
				3FFAEC5D2673BC7C0020DF0A /* JWTDecode in Frameworks */,
			);
			runOnlyForDeploymentPostprocessing = 0;
		};
/* End PBXFrameworksBuildPhase section */

/* Begin PBXGroup section */
		3F35740C269489E800ED06F0 /* Partners */ = {
			isa = PBXGroup;
			children = (
				3F35740D26948A0800ED06F0 /* PartnerModel.swift */,
				3F35740F26948BB700ED06F0 /* PartnerResource.swift */,
				3F35741126948BEC00ED06F0 /* PartnerRequest.swift */,
			);
			path = Partners;
			sourceTree = "<group>";
		};
		3F6B27C02696CE2200DE0627 /* Reservation */ = {
			isa = PBXGroup;
			children = (
				3F6B27C12696CE4C00DE0627 /* ReservationModel.swift */,
				3F6B27C32696CEAE00DE0627 /* ReservationResource.swift */,
				3F6B27C52696D04700DE0627 /* ReservationRequest.swift */,
				3F80E0FF26A865D70077AD3A /* UserReservationRequest.swift */,
				3F80E10126A865E30077AD3A /* UserReservationResource.swift */,
			);
			path = Reservation;
			sourceTree = "<group>";
		};
		3F6BB110264FDEFB0098825B /* View */ = {
			isa = PBXGroup;
			children = (
				3F6BB111264FDF070098825B /* LoginView.swift */,
				3FD37025266E490800B60B10 /* RegisterView.swift */,
				3FFAEC682673C9F40020DF0A /* HomeView.swift */,
				3F35741526948CC000ED06F0 /* PartnerRowView.swift */,
				3F35741926949C2800ED06F0 /* PartnerDetail.swift */,
				3F0E64C12695B6E6001DF87B /* ReservationView.swift */,
				3F795C6A2698BACF0087FA0C /* TimeslotView.swift */,
				3F80E0F926A863080077AD3A /* ProfileView.swift */,
				3F80E0FD26A863D30077AD3A /* UserReservationView.swift */,
			);
			path = View;
			sourceTree = "<group>";
		};
		3FA4A421266E801A00E8A75E /* User */ = {
			isa = PBXGroup;
			children = (
				3FFAEC5A2673BAB20020DF0A /* Login */,
				3FFAEC5126738EC10020DF0A /* Registration */,
				3FFAEC642673C0710020DF0A /* UserModel.swift */,
			);
			path = User;
			sourceTree = "<group>";
		};
		3FC733692673774400C8643A /* Utils */ = {
			isa = PBXGroup;
			children = (
				3FC7336E2673786100C8643A /* ApiResource.swift */,
				3FC73370267378F600C8643A /* NetworkRequest.swift */,
				3FC733722673792100C8643A /* ApiRequest.swift */,
				3FFAEC622673BE1D0020DF0A /* JWTTokenModel.swift */,
				3F35740A2694845C00ED06F0 /* Exceptions.swift */,
				3F47B9C126A7063C00992CB1 /* ViewUtils.swift */,
				3F47B9C326A7150000992CB1 /* SchedulingProvider.swift */,
			);
			path = Utils;
			sourceTree = "<group>";
		};
		3FD37027266E4E0200B60B10 /* Model */ = {
			isa = PBXGroup;
			children = (
				3FE4404C26985EDD002C32D7 /* TimeSlots */,
				3F6B27C02696CE2200DE0627 /* Reservation */,
				3F35740C269489E800ED06F0 /* Partners */,
				3FA4A421266E801A00E8A75E /* User */,
			);
			path = Model;
			sourceTree = "<group>";
		};
		3FD37028266E4E1C00B60B10 /* ViewModel */ = {
			isa = PBXGroup;
			children = (
				3FD37029266E4E5F00B60B10 /* LoginViewModel.swift */,
				3FA4A424266E824200E8A75E /* RegisterViewModel.swift */,
				3F35741726948D3000ED06F0 /* PartnersViewModel.swift */,
				3F0E64C32695BCA7001DF87B /* ReservationViewModel.swift */,
			);
			path = ViewModel;
			sourceTree = "<group>";
		};
		3FD5B417264E6A15008A560E = {
			isa = PBXGroup;
			children = (
				3FD5B422264E6A15008A560E /* MeetInn */,
				3FD5B421264E6A15008A560E /* Products */,
			);
			sourceTree = "<group>";
		};
		3FD5B421264E6A15008A560E /* Products */ = {
			isa = PBXGroup;
			children = (
				3FD5B420264E6A15008A560E /* MeetInn.app */,
			);
			name = Products;
			sourceTree = "<group>";
		};
		3FD5B422264E6A15008A560E /* MeetInn */ = {
			isa = PBXGroup;
			children = (
				3FC733692673774400C8643A /* Utils */,
				3FD37028266E4E1C00B60B10 /* ViewModel */,
				3FD37027266E4E0200B60B10 /* Model */,
				3F6BB110264FDEFB0098825B /* View */,
				3FD5B423264E6A15008A560E /* MeetInnApp.swift */,
				3FD5B425264E6A15008A560E /* ContentView.swift */,
				3FD5B427264E6A16008A560E /* Assets.xcassets */,
				3FD5B42C264E6A16008A560E /* Info.plist */,
				3FD5B429264E6A16008A560E /* Preview Content */,
			);
			path = MeetInn;
			sourceTree = "<group>";
		};
		3FD5B429264E6A16008A560E /* Preview Content */ = {
			isa = PBXGroup;
			children = (
				3FD5B42A264E6A16008A560E /* Preview Assets.xcassets */,
			);
			path = "Preview Content";
			sourceTree = "<group>";
		};
		3FE4404C26985EDD002C32D7 /* TimeSlots */ = {
			isa = PBXGroup;
			children = (
				3FE4404D26985EED002C32D7 /* TimeslotResource.swift */,
				3FE4404F26985F37002C32D7 /* TimeslotRequest.swift */,
			);
			path = TimeSlots;
			sourceTree = "<group>";
		};
		3FFAEC5126738EC10020DF0A /* Registration */ = {
			isa = PBXGroup;
			children = (
				3FC7336A2673778600C8643A /* UserRegisteredModel.swift */,
				3FA4A426266E826300E8A75E /* UserRegisterModel.swift */,
				3FFAEC5226738EDE0020DF0A /* UserRegistrationResource.swift */,
				3FFAEC582673B3DA0020DF0A /* UserRegistrationRequest.swift */,
			);
			path = Registration;
			sourceTree = "<group>";
		};
		3FFAEC5A2673BAB20020DF0A /* Login */ = {
			isa = PBXGroup;
			children = (
				3FA4A422266E802A00E8A75E /* UserLoginModel.swift */,
				3FFAEC5E2673BC8A0020DF0A /* UserLoginResource.swift */,
				3FFAEC602673BCCB0020DF0A /* UserLoginRequest.swift */,
			);
			path = Login;
			sourceTree = "<group>";
		};
/* End PBXGroup section */

/* Begin PBXNativeTarget section */
		3FD5B41F264E6A15008A560E /* MeetInn */ = {
			isa = PBXNativeTarget;
			buildConfigurationList = 3FD5B42F264E6A16008A560E /* Build configuration list for PBXNativeTarget "MeetInn" */;
			buildPhases = (
				3FD5B41C264E6A15008A560E /* Sources */,
				3FD5B41D264E6A15008A560E /* Frameworks */,
				3FD5B41E264E6A15008A560E /* Resources */,
			);
			buildRules = (
			);
			dependencies = (
			);
			name = MeetInn;
			packageProductDependencies = (
				3FFAEC5C2673BC7C0020DF0A /* JWTDecode */,
			);
			productName = MeetInn;
			productReference = 3FD5B420264E6A15008A560E /* MeetInn.app */;
			productType = "com.apple.product-type.application";
		};
/* End PBXNativeTarget section */

/* Begin PBXProject section */
		3FD5B418264E6A15008A560E /* Project object */ = {
			isa = PBXProject;
			attributes = {
				LastSwiftUpdateCheck = 1250;
				LastUpgradeCheck = 1250;
				TargetAttributes = {
					3FD5B41F264E6A15008A560E = {
						CreatedOnToolsVersion = 12.5;
					};
				};
			};
			buildConfigurationList = 3FD5B41B264E6A15008A560E /* Build configuration list for PBXProject "MeetInn" */;
			compatibilityVersion = "Xcode 9.3";
			developmentRegion = en;
			hasScannedForEncodings = 0;
			knownRegions = (
				en,
				Base,
			);
			mainGroup = 3FD5B417264E6A15008A560E;
			packageReferences = (
				3FFAEC5B2673BC7C0020DF0A /* XCRemoteSwiftPackageReference "JWTDecode.swift" */,
			);
			productRefGroup = 3FD5B421264E6A15008A560E /* Products */;
			projectDirPath = "";
			projectRoot = "";
			targets = (
				3FD5B41F264E6A15008A560E /* MeetInn */,
			);
		};
/* End PBXProject section */

/* Begin PBXResourcesBuildPhase section */
		3FD5B41E264E6A15008A560E /* Resources */ = {
			isa = PBXResourcesBuildPhase;
			buildActionMask = 2147483647;
			files = (
				3FD5B42B264E6A16008A560E /* Preview Assets.xcassets in Resources */,
				3FD5B428264E6A16008A560E /* Assets.xcassets in Resources */,
			);
			runOnlyForDeploymentPostprocessing = 0;
		};
/* End PBXResourcesBuildPhase section */

/* Begin PBXSourcesBuildPhase section */
		3FD5B41C264E6A15008A560E /* Sources */ = {
			isa = PBXSourcesBuildPhase;
			buildActionMask = 2147483647;
			files = (
				3FE4405026985F37002C32D7 /* TimeslotRequest.swift in Sources */,
				3F35741826948D3000ED06F0 /* PartnersViewModel.swift in Sources */,
				3F80E10026A865D70077AD3A /* UserReservationRequest.swift in Sources */,
				3F47B9C226A7063C00992CB1 /* ViewUtils.swift in Sources */,
				3F35741026948BB700ED06F0 /* PartnerResource.swift in Sources */,
				3FC733732673792100C8643A /* ApiRequest.swift in Sources */,
				3F35740B2694845C00ED06F0 /* Exceptions.swift in Sources */,
				3F80E0FA26A863080077AD3A /* ProfileView.swift in Sources */,
				3F6BB112264FDF070098825B /* LoginView.swift in Sources */,
				3FFAEC612673BCCB0020DF0A /* UserLoginRequest.swift in Sources */,
				3F6B27C62696D04700DE0627 /* ReservationRequest.swift in Sources */,
				3FC7336F2673786100C8643A /* ApiResource.swift in Sources */,
				3F47B9C426A7150000992CB1 /* SchedulingProvider.swift in Sources */,
				3F35741626948CC000ED06F0 /* PartnerRowView.swift in Sources */,
				3FD37026266E490800B60B10 /* RegisterView.swift in Sources */,
				3FE4404E26985EED002C32D7 /* TimeslotResource.swift in Sources */,
				3FA4A425266E824200E8A75E /* RegisterViewModel.swift in Sources */,
				3F80E10226A865E30077AD3A /* UserReservationResource.swift in Sources */,
				3FD5B426264E6A15008A560E /* ContentView.swift in Sources */,
				3F0E64C42695BCA7001DF87B /* ReservationViewModel.swift in Sources */,
				3F35741A26949C2800ED06F0 /* PartnerDetail.swift in Sources */,
				3FFAEC5326738EDE0020DF0A /* UserRegistrationResource.swift in Sources */,
				3FFAEC632673BE1D0020DF0A /* JWTTokenModel.swift in Sources */,
				3F6B27C22696CE4C00DE0627 /* ReservationModel.swift in Sources */,
				3F35741226948BEC00ED06F0 /* PartnerRequest.swift in Sources */,
				3FFAEC592673B3DA0020DF0A /* UserRegistrationRequest.swift in Sources */,
				3F795C6B2698BACF0087FA0C /* TimeslotView.swift in Sources */,
				3FD3702A266E4E5F00B60B10 /* LoginViewModel.swift in Sources */,
				3FA4A423266E802A00E8A75E /* UserLoginModel.swift in Sources */,
				3FFAEC5F2673BC8A0020DF0A /* UserLoginResource.swift in Sources */,
				3F80E0FE26A863D30077AD3A /* UserReservationView.swift in Sources */,
				3F0E64C22695B6E6001DF87B /* ReservationView.swift in Sources */,
				3FC7336B2673778600C8643A /* UserRegisteredModel.swift in Sources */,
				3FD5B424264E6A15008A560E /* MeetInnApp.swift in Sources */,
				3F35740E26948A0800ED06F0 /* PartnerModel.swift in Sources */,
				3FC73371267378F600C8643A /* NetworkRequest.swift in Sources */,
				3F6B27C42696CEAE00DE0627 /* ReservationResource.swift in Sources */,
				3FFAEC652673C0710020DF0A /* UserModel.swift in Sources */,
				3FA4A427266E826300E8A75E /* UserRegisterModel.swift in Sources */,
				3FFAEC692673C9F40020DF0A /* HomeView.swift in Sources */,
			);
			runOnlyForDeploymentPostprocessing = 0;
		};
/* End PBXSourcesBuildPhase section */

/* Begin XCBuildConfiguration section */
		3FD5B42D264E6A16008A560E /* Debug */ = {
			isa = XCBuildConfiguration;
			buildSettings = {
				ALWAYS_SEARCH_USER_PATHS = NO;
				CLANG_ANALYZER_NONNULL = YES;
				CLANG_ANALYZER_NUMBER_OBJECT_CONVERSION = YES_AGGRESSIVE;
				CLANG_CXX_LANGUAGE_STANDARD = "gnu++14";
				CLANG_CXX_LIBRARY = "libc++";
				CLANG_ENABLE_MODULES = YES;
				CLANG_ENABLE_OBJC_ARC = YES;
				CLANG_ENABLE_OBJC_WEAK = YES;
				CLANG_WARN_BLOCK_CAPTURE_AUTORELEASING = YES;
				CLANG_WARN_BOOL_CONVERSION = YES;
				CLANG_WARN_COMMA = YES;
				CLANG_WARN_CONSTANT_CONVERSION = YES;
				CLANG_WARN_DEPRECATED_OBJC_IMPLEMENTATIONS = YES;
				CLANG_WARN_DIRECT_OBJC_ISA_USAGE = YES_ERROR;
				CLANG_WARN_DOCUMENTATION_COMMENTS = YES;
				CLANG_WARN_EMPTY_BODY = YES;
				CLANG_WARN_ENUM_CONVERSION = YES;
				CLANG_WARN_INFINITE_RECURSION = YES;
				CLANG_WARN_INT_CONVERSION = YES;
				CLANG_WARN_NON_LITERAL_NULL_CONVERSION = YES;
				CLANG_WARN_OBJC_IMPLICIT_RETAIN_SELF = YES;
				CLANG_WARN_OBJC_LITERAL_CONVERSION = YES;
				CLANG_WARN_OBJC_ROOT_CLASS = YES_ERROR;
				CLANG_WARN_QUOTED_INCLUDE_IN_FRAMEWORK_HEADER = YES;
				CLANG_WARN_RANGE_LOOP_ANALYSIS = YES;
				CLANG_WARN_STRICT_PROTOTYPES = YES;
				CLANG_WARN_SUSPICIOUS_MOVE = YES;
				CLANG_WARN_UNGUARDED_AVAILABILITY = YES_AGGRESSIVE;
				CLANG_WARN_UNREACHABLE_CODE = YES;
				CLANG_WARN__DUPLICATE_METHOD_MATCH = YES;
				COPY_PHASE_STRIP = NO;
				DEBUG_INFORMATION_FORMAT = dwarf;
				ENABLE_STRICT_OBJC_MSGSEND = YES;
				ENABLE_TESTABILITY = YES;
				GCC_C_LANGUAGE_STANDARD = gnu11;
				GCC_DYNAMIC_NO_PIC = NO;
				GCC_NO_COMMON_BLOCKS = YES;
				GCC_OPTIMIZATION_LEVEL = 0;
				GCC_PREPROCESSOR_DEFINITIONS = (
					"DEBUG=1",
					"$(inherited)",
				);
				GCC_WARN_64_TO_32_BIT_CONVERSION = YES;
				GCC_WARN_ABOUT_RETURN_TYPE = YES_ERROR;
				GCC_WARN_UNDECLARED_SELECTOR = YES;
				GCC_WARN_UNINITIALIZED_AUTOS = YES_AGGRESSIVE;
				GCC_WARN_UNUSED_FUNCTION = YES;
				GCC_WARN_UNUSED_VARIABLE = YES;
				IPHONEOS_DEPLOYMENT_TARGET = 14.5;
				MTL_ENABLE_DEBUG_INFO = INCLUDE_SOURCE;
				MTL_FAST_MATH = YES;
				ONLY_ACTIVE_ARCH = YES;
				SDKROOT = iphoneos;
				SWIFT_ACTIVE_COMPILATION_CONDITIONS = DEBUG;
				SWIFT_OPTIMIZATION_LEVEL = "-Onone";
			};
			name = Debug;
		};
		3FD5B42E264E6A16008A560E /* Release */ = {
			isa = XCBuildConfiguration;
			buildSettings = {
				ALWAYS_SEARCH_USER_PATHS = NO;
				CLANG_ANALYZER_NONNULL = YES;
				CLANG_ANALYZER_NUMBER_OBJECT_CONVERSION = YES_AGGRESSIVE;
				CLANG_CXX_LANGUAGE_STANDARD = "gnu++14";
				CLANG_CXX_LIBRARY = "libc++";
				CLANG_ENABLE_MODULES = YES;
				CLANG_ENABLE_OBJC_ARC = YES;
				CLANG_ENABLE_OBJC_WEAK = YES;
				CLANG_WARN_BLOCK_CAPTURE_AUTORELEASING = YES;
				CLANG_WARN_BOOL_CONVERSION = YES;
				CLANG_WARN_COMMA = YES;
				CLANG_WARN_CONSTANT_CONVERSION = YES;
				CLANG_WARN_DEPRECATED_OBJC_IMPLEMENTATIONS = YES;
				CLANG_WARN_DIRECT_OBJC_ISA_USAGE = YES_ERROR;
				CLANG_WARN_DOCUMENTATION_COMMENTS = YES;
				CLANG_WARN_EMPTY_BODY = YES;
				CLANG_WARN_ENUM_CONVERSION = YES;
				CLANG_WARN_INFINITE_RECURSION = YES;
				CLANG_WARN_INT_CONVERSION = YES;
				CLANG_WARN_NON_LITERAL_NULL_CONVERSION = YES;
				CLANG_WARN_OBJC_IMPLICIT_RETAIN_SELF = YES;
				CLANG_WARN_OBJC_LITERAL_CONVERSION = YES;
				CLANG_WARN_OBJC_ROOT_CLASS = YES_ERROR;
				CLANG_WARN_QUOTED_INCLUDE_IN_FRAMEWORK_HEADER = YES;
				CLANG_WARN_RANGE_LOOP_ANALYSIS = YES;
				CLANG_WARN_STRICT_PROTOTYPES = YES;
				CLANG_WARN_SUSPICIOUS_MOVE = YES;
				CLANG_WARN_UNGUARDED_AVAILABILITY = YES_AGGRESSIVE;
				CLANG_WARN_UNREACHABLE_CODE = YES;
				CLANG_WARN__DUPLICATE_METHOD_MATCH = YES;
				COPY_PHASE_STRIP = NO;
				DEBUG_INFORMATION_FORMAT = "dwarf-with-dsym";
				ENABLE_NS_ASSERTIONS = NO;
				ENABLE_STRICT_OBJC_MSGSEND = YES;
				GCC_C_LANGUAGE_STANDARD = gnu11;
				GCC_NO_COMMON_BLOCKS = YES;
				GCC_WARN_64_TO_32_BIT_CONVERSION = YES;
				GCC_WARN_ABOUT_RETURN_TYPE = YES_ERROR;
				GCC_WARN_UNDECLARED_SELECTOR = YES;
				GCC_WARN_UNINITIALIZED_AUTOS = YES_AGGRESSIVE;
				GCC_WARN_UNUSED_FUNCTION = YES;
				GCC_WARN_UNUSED_VARIABLE = YES;
				IPHONEOS_DEPLOYMENT_TARGET = 14.5;
				MTL_ENABLE_DEBUG_INFO = NO;
				MTL_FAST_MATH = YES;
				SDKROOT = iphoneos;
				SWIFT_COMPILATION_MODE = wholemodule;
				SWIFT_OPTIMIZATION_LEVEL = "-O";
				VALIDATE_PRODUCT = YES;
			};
			name = Release;
		};
		3FD5B430264E6A16008A560E /* Debug */ = {
			isa = XCBuildConfiguration;
			buildSettings = {
				ASSETCATALOG_COMPILER_APPICON_NAME = AppIcon;
				ASSETCATALOG_COMPILER_GLOBAL_ACCENT_COLOR_NAME = AccentColor;
				CODE_SIGN_STYLE = Automatic;
				DEVELOPMENT_ASSET_PATHS = "\"MeetInn/Preview Content\"";
				DEVELOPMENT_TEAM = PT4YQSD42B;
				ENABLE_PREVIEWS = YES;
				INFOPLIST_FILE = MeetInn/Info.plist;
				IPHONEOS_DEPLOYMENT_TARGET = 14.0;
				LD_RUNPATH_SEARCH_PATHS = (
					"$(inherited)",
					"@executable_path/Frameworks",
				);
				PRODUCT_BUNDLE_IDENTIFIER = "Les-Boys.MeetInn";
				PRODUCT_NAME = "$(TARGET_NAME)";
				SWIFT_VERSION = 5.0;
				TARGETED_DEVICE_FAMILY = "1,2";
			};
			name = Debug;
		};
		3FD5B431264E6A16008A560E /* Release */ = {
			isa = XCBuildConfiguration;
			buildSettings = {
				ASSETCATALOG_COMPILER_APPICON_NAME = AppIcon;
				ASSETCATALOG_COMPILER_GLOBAL_ACCENT_COLOR_NAME = AccentColor;
				CODE_SIGN_STYLE = Automatic;
				DEVELOPMENT_ASSET_PATHS = "\"MeetInn/Preview Content\"";
				DEVELOPMENT_TEAM = PT4YQSD42B;
				ENABLE_PREVIEWS = YES;
				INFOPLIST_FILE = MeetInn/Info.plist;
				IPHONEOS_DEPLOYMENT_TARGET = 14.0;
				LD_RUNPATH_SEARCH_PATHS = (
					"$(inherited)",
					"@executable_path/Frameworks",
				);
				PRODUCT_BUNDLE_IDENTIFIER = "Les-Boys.MeetInn";
				PRODUCT_NAME = "$(TARGET_NAME)";
				SWIFT_VERSION = 5.0;
				TARGETED_DEVICE_FAMILY = "1,2";
			};
			name = Release;
		};
/* End XCBuildConfiguration section */

/* Begin XCConfigurationList section */
		3FD5B41B264E6A15008A560E /* Build configuration list for PBXProject "MeetInn" */ = {
			isa = XCConfigurationList;
			buildConfigurations = (
				3FD5B42D264E6A16008A560E /* Debug */,
				3FD5B42E264E6A16008A560E /* Release */,
			);
			defaultConfigurationIsVisible = 0;
			defaultConfigurationName = Release;
		};
		3FD5B42F264E6A16008A560E /* Build configuration list for PBXNativeTarget "MeetInn" */ = {
			isa = XCConfigurationList;
			buildConfigurations = (
				3FD5B430264E6A16008A560E /* Debug */,
				3FD5B431264E6A16008A560E /* Release */,
			);
			defaultConfigurationIsVisible = 0;
			defaultConfigurationName = Release;
		};
/* End XCConfigurationList section */

/* Begin XCRemoteSwiftPackageReference section */
		3FFAEC5B2673BC7C0020DF0A /* XCRemoteSwiftPackageReference "JWTDecode.swift" */ = {
			isa = XCRemoteSwiftPackageReference;
			repositoryURL = "https://github.com/auth0/JWTDecode.swift.git";
			requirement = {
				kind = upToNextMajorVersion;
				minimumVersion = 2.6.1;
			};
		};
/* End XCRemoteSwiftPackageReference section */

/* Begin XCSwiftPackageProductDependency section */
		3FFAEC5C2673BC7C0020DF0A /* JWTDecode */ = {
			isa = XCSwiftPackageProductDependency;
			package = 3FFAEC5B2673BC7C0020DF0A /* XCRemoteSwiftPackageReference "JWTDecode.swift" */;
			productName = JWTDecode;
		};
/* End XCSwiftPackageProductDependency section */
	};
	rootObject = 3FD5B418264E6A15008A560E /* Project object */;
}
