{
  "object": {
    "pins": [
      {
        "package": "JWTDecode",
        "repositoryURL": "https://github.com/auth0/JWTDecode.swift.git",
        "state": {
          "branch": null,
          "revision": "22e3d174e9df2962f0268a31dac45e5ea54a6e62",
          "version": "2.6.1"
        }
      }
    ]
  },
  "version": 1
}
